
Microsoft Visual Studio Solution File, Format Version 12.00
# Visual Studio 15
VisualStudioVersion = 15.0.26730.16
MinimumVisualStudioVersion = 10.0.40219.1
Project("{FAE04EC0-301F-11D3-BF4B-00C04F79EFBC}") = "MegaDesk-3-RonaldStanley", "MegaDesk-3-RonaldStanley\MegaDesk-3-RonaldStanley.csproj", "{5A4BFA2A-0840-4C30-863C-F5DE2375A222}"
EndProject
Global
	GlobalSection(SolutionConfigurationPlatforms) = preSolution
		Debug|Any CPU = Debug|Any CPU
		Release|Any CPU = Release|Any CPU
	EndGlobalSection
	GlobalSection(ProjectConfigurationPlatforms) = postSolution
		{5A4BFA2A-0840-4C30-863C-F5DE2375A222}.Debug|Any CPU.ActiveCfg = Debug|Any CPU
		{5A4BFA2A-0840-4C30-863C-F5DE2375A222}.Debug|Any CPU.Build.0 = Debug|Any CPU
		{5A4BFA2A-0840-4C30-863C-F5DE2375A222}.Release|Any CPU.ActiveCfg = Release|Any CPU
		{5A4BFA2A-0840-4C30-863C-F5DE2375A222}.Release|Any CPU.Build.0 = Release|Any CPU
	EndGlobalSection
	GlobalSection(SolutionProperties) = preSolution
		HideSolutionNode = FALSE
	EndGlobalSection
	GlobalSection(ExtensibilityGlobals) = postSolution
		SolutionGuid = {8EBCC888-3924-4291-A05F-27672D44E4B3}
	EndGlobalSection
EndGlobal
